
Microsoft Visual Studio Solution File, Format Version 12.00
# Visual Studio Version 16
VisualStudioVersion = 16.0.30621.155
MinimumVisualStudioVersion = 10.0.40219.1
Project("{FAE04EC0-301F-11D3-BF4B-00C04F79EFBC}") = "SpaceTransporter", "SpaceTransporter\SpaceTransporter.csproj", "{4387FA4B-F4DF-45E7-8BD6-86088A3A88EB}"
EndProject
Global
	GlobalSection(SolutionConfigurationPlatforms) = preSolution
		Debug|Any CPU = Debug|Any CPU
		Release|Any CPU = Release|Any CPU
	EndGlobalSection
	GlobalSection(ProjectConfigurationPlatforms) = postSolution
		{4387FA4B-F4DF-45E7-8BD6-86088A3A88EB}.Debug|Any CPU.ActiveCfg = Debug|Any CPU
		{4387FA4B-F4DF-45E7-8BD6-86088A3A88EB}.Debug|Any CPU.Build.0 = Debug|Any CPU
		{4387FA4B-F4DF-45E7-8BD6-86088A3A88EB}.Release|Any CPU.ActiveCfg = Release|Any CPU
		{4387FA4B-F4DF-45E7-8BD6-86088A3A88EB}.Release|Any CPU.Build.0 = Release|Any CPU
	EndGlobalSection
	GlobalSection(SolutionProperties) = preSolution
		HideSolutionNode = FALSE
	EndGlobalSection
	GlobalSection(ExtensibilityGlobals) = postSolution
		SolutionGuid = {19F18A2E-BE01-46B3-B729-7C02FE79FD43}
	EndGlobalSection
EndGlobal
